
Microsoft Visual Studio Solution File, Format Version 12.00
# Visual Studio Version 17
VisualStudioVersion = 17.11.35327.3
MinimumVisualStudioVersion = 10.0.40219.1
Project("{8BC9CEB8-8B4A-11D0-8D11-00A0C91BC942}") = "Course5Problem36", "Course5Problem36.vcxproj", "{579FA3B0-D909-4186-874A-5E2EE82678C7}"
EndProject
Global
	GlobalSection(SolutionConfigurationPlatforms) = preSolution
		Debug|x64 = Debug|x64
		Debug|x86 = Debug|x86
		Release|x64 = Release|x64
		Release|x86 = Release|x86
	EndGlobalSection
	GlobalSection(ProjectConfigurationPlatforms) = postSolution
		{579FA3B0-D909-4186-874A-5E2EE82678C7}.Debug|x64.ActiveCfg = Debug|x64
		{579FA3B0-D909-4186-874A-5E2EE82678C7}.Debug|x64.Build.0 = Debug|x64
		{579FA3B0-D909-4186-874A-5E2EE82678C7}.Debug|x86.ActiveCfg = Debug|Win32
		{579FA3B0-D909-4186-874A-5E2EE82678C7}.Debug|x86.Build.0 = Debug|Win32
		{579FA3B0-D909-4186-874A-5E2EE82678C7}.Release|x64.ActiveCfg = Release|x64
		{579FA3B0-D909-4186-874A-5E2EE82678C7}.Release|x64.Build.0 = Release|x64
		{579FA3B0-D909-4186-874A-5E2EE82678C7}.Release|x86.ActiveCfg = Release|Win32
		{579FA3B0-D909-4186-874A-5E2EE82678C7}.Release|x86.Build.0 = Release|Win32
	EndGlobalSection
	GlobalSection(SolutionProperties) = preSolution
		HideSolutionNode = FALSE
	EndGlobalSection
	GlobalSection(ExtensibilityGlobals) = postSolution
		SolutionGuid = {0C6063CB-459E-40CE-967C-6AE42C3BC7F0}
	EndGlobalSection
EndGlobal
